
Microsoft Visual Studio Solution File, Format Version 12.00
# Visual Studio Version 17
VisualStudioVersion = 17.11.35327.3
MinimumVisualStudioVersion = 10.0.40219.1
Project("{9A19103F-16F7-4668-BE54-9A1E7A4F7556}") = "Simulator", "Simulator\Simulator.csproj", "{9E1FAAE3-89E0-4023-A29B-9C2E9D4342E9}"
EndProject
Project("{9A19103F-16F7-4668-BE54-9A1E7A4F7556}") = "Runner", "Runner\Runner.csproj", "{6F537DAA-2136-45DF-9868-FAF0F91AE23C}"
EndProject
Project("{9A19103F-16F7-4668-BE54-9A1E7A4F7556}") = "TestSimulator", "TestSimulator\TestSimulator.csproj", "{9A074837-683E-442C-87F0-9015A3EEFA2F}"
EndProject
Project("{9A19103F-16F7-4668-BE54-9A1E7A4F7556}") = "SimConsole", "SimConsole\SimConsole.csproj", "{5DA68089-E9AE-4A8D-92C8-2192EEB33805}"
EndProject
Project("{9A19103F-16F7-4668-BE54-9A1E7A4F7556}") = "SimWeb", "SimWeb\SimWeb.csproj", "{90606D59-2D8F-4391-977D-BA1C5804F2AF}"
EndProject
Global
	GlobalSection(SolutionConfigurationPlatforms) = preSolution
		Debug|Any CPU = Debug|Any CPU
		Release|Any CPU = Release|Any CPU
	EndGlobalSection
	GlobalSection(ProjectConfigurationPlatforms) = postSolution
		{9E1FAAE3-89E0-4023-A29B-9C2E9D4342E9}.Debug|Any CPU.ActiveCfg = Debug|Any CPU
		{9E1FAAE3-89E0-4023-A29B-9C2E9D4342E9}.Debug|Any CPU.Build.0 = Debug|Any CPU
		{9E1FAAE3-89E0-4023-A29B-9C2E9D4342E9}.Release|Any CPU.ActiveCfg = Release|Any CPU
		{9E1FAAE3-89E0-4023-A29B-9C2E9D4342E9}.Release|Any CPU.Build.0 = Release|Any CPU
		{6F537DAA-2136-45DF-9868-FAF0F91AE23C}.Debug|Any CPU.ActiveCfg = Debug|Any CPU
		{6F537DAA-2136-45DF-9868-FAF0F91AE23C}.Debug|Any CPU.Build.0 = Debug|Any CPU
		{6F537DAA-2136-45DF-9868-FAF0F91AE23C}.Release|Any CPU.ActiveCfg = Release|Any CPU
		{6F537DAA-2136-45DF-9868-FAF0F91AE23C}.Release|Any CPU.Build.0 = Release|Any CPU
		{9A074837-683E-442C-87F0-9015A3EEFA2F}.Debug|Any CPU.ActiveCfg = Debug|Any CPU
		{9A074837-683E-442C-87F0-9015A3EEFA2F}.Debug|Any CPU.Build.0 = Debug|Any CPU
		{9A074837-683E-442C-87F0-9015A3EEFA2F}.Release|Any CPU.ActiveCfg = Release|Any CPU
		{9A074837-683E-442C-87F0-9015A3EEFA2F}.Release|Any CPU.Build.0 = Release|Any CPU
		{5DA68089-E9AE-4A8D-92C8-2192EEB33805}.Debug|Any CPU.ActiveCfg = Debug|Any CPU
		{5DA68089-E9AE-4A8D-92C8-2192EEB33805}.Debug|Any CPU.Build.0 = Debug|Any CPU
		{5DA68089-E9AE-4A8D-92C8-2192EEB33805}.Release|Any CPU.ActiveCfg = Release|Any CPU
		{5DA68089-E9AE-4A8D-92C8-2192EEB33805}.Release|Any CPU.Build.0 = Release|Any CPU
		{90606D59-2D8F-4391-977D-BA1C5804F2AF}.Debug|Any CPU.ActiveCfg = Debug|Any CPU
		{90606D59-2D8F-4391-977D-BA1C5804F2AF}.Debug|Any CPU.Build.0 = Debug|Any CPU
		{90606D59-2D8F-4391-977D-BA1C5804F2AF}.Release|Any CPU.ActiveCfg = Release|Any CPU
		{90606D59-2D8F-4391-977D-BA1C5804F2AF}.Release|Any CPU.Build.0 = Release|Any CPU
	EndGlobalSection
	GlobalSection(SolutionProperties) = preSolution
		HideSolutionNode = FALSE
	EndGlobalSection
	GlobalSection(ExtensibilityGlobals) = postSolution
		SolutionGuid = {D70FA830-CB44-497B-ACCF-89BFA179C026}
	EndGlobalSection
EndGlobal
